
Microsoft Visual Studio Solution File, Format Version 12.00
# Visual Studio Version 17
VisualStudioVersion = 17.10.35122.118
MinimumVisualStudioVersion = 10.0.40219.1
Project("{9A19103F-16F7-4668-BE54-9A1E7A4F7556}") = "HW14", "HW14\HW14.csproj", "{3B7368EE-C4CC-4588-AF41-45198CFD30EF}"
EndProject
Project("{9A19103F-16F7-4668-BE54-9A1E7A4F7556}") = "BloggingPlatformLibrary", "BloggingPlatformLibrary\BloggingPlatformLibrary.csproj", "{FD9D9A8A-2A7B-4F78-962F-76660982FBD3}"
EndProject
Project("{FAE04EC0-301F-11D3-BF4B-00C04F79EFBC}") = "HotelBookingLibrary", "HotelBookingLibrary\HotelBookingLibrary.csproj", "{F7EF9F19-2D4B-43AE-BEC6-42949088B3CB}"
EndProject
Global
	GlobalSection(SolutionConfigurationPlatforms) = preSolution
		Debug|Any CPU = Debug|Any CPU
		Release|Any CPU = Release|Any CPU
	EndGlobalSection
	GlobalSection(ProjectConfigurationPlatforms) = postSolution
		{3B7368EE-C4CC-4588-AF41-45198CFD30EF}.Debug|Any CPU.ActiveCfg = Debug|Any CPU
		{3B7368EE-C4CC-4588-AF41-45198CFD30EF}.Debug|Any CPU.Build.0 = Debug|Any CPU
		{3B7368EE-C4CC-4588-AF41-45198CFD30EF}.Release|Any CPU.ActiveCfg = Release|Any CPU
		{3B7368EE-C4CC-4588-AF41-45198CFD30EF}.Release|Any CPU.Build.0 = Release|Any CPU
		{FD9D9A8A-2A7B-4F78-962F-76660982FBD3}.Debug|Any CPU.ActiveCfg = Debug|Any CPU
		{FD9D9A8A-2A7B-4F78-962F-76660982FBD3}.Debug|Any CPU.Build.0 = Debug|Any CPU
		{FD9D9A8A-2A7B-4F78-962F-76660982FBD3}.Release|Any CPU.ActiveCfg = Release|Any CPU
		{FD9D9A8A-2A7B-4F78-962F-76660982FBD3}.Release|Any CPU.Build.0 = Release|Any CPU
		{F7EF9F19-2D4B-43AE-BEC6-42949088B3CB}.Debug|Any CPU.ActiveCfg = Debug|Any CPU
		{F7EF9F19-2D4B-43AE-BEC6-42949088B3CB}.Debug|Any CPU.Build.0 = Debug|Any CPU
		{F7EF9F19-2D4B-43AE-BEC6-42949088B3CB}.Release|Any CPU.ActiveCfg = Release|Any CPU
		{F7EF9F19-2D4B-43AE-BEC6-42949088B3CB}.Release|Any CPU.Build.0 = Release|Any CPU
	EndGlobalSection
	GlobalSection(SolutionProperties) = preSolution
		HideSolutionNode = FALSE
	EndGlobalSection
	GlobalSection(ExtensibilityGlobals) = postSolution
		SolutionGuid = {C717E481-3A92-4B3A-91A5-41F260951173}
	EndGlobalSection
EndGlobal
