
Microsoft Visual Studio Solution File, Format Version 12.00
# Visual Studio Version 17
VisualStudioVersion = 17.10.35122.118
MinimumVisualStudioVersion = 10.0.40219.1
Project("{9A19103F-16F7-4668-BE54-9A1E7A4F7556}") = "HW14", "HW14\HW14.csproj", "{042A7119-A099-4540-A82B-F9E6091F1B8B}"
EndProject
Project("{9A19103F-16F7-4668-BE54-9A1E7A4F7556}") = "BloggingPlatformLibrary", "BloggingPlatformLibrary\BloggingPlatformLibrary.csproj", "{6E6F1179-ED1A-4527-8675-B03DFDCBD402}"
EndProject
Project("{9A19103F-16F7-4668-BE54-9A1E7A4F7556}") = "HotelBookingLibrary", "HotelBookingLibrary\HotelBookingLibrary.csproj", "{1C4100A8-40EB-4296-8FAB-CC770F03B685}"
EndProject
Project("{FAE04EC0-301F-11D3-BF4B-00C04F79EFBC}") = "LibraryPlatform", "LibraryPlatform\LibraryPlatform.csproj", "{09AF77BE-ED78-4BFD-A6F4-A2B612B951B6}"
EndProject
Global
	GlobalSection(SolutionConfigurationPlatforms) = preSolution
		Debug|Any CPU = Debug|Any CPU
		Release|Any CPU = Release|Any CPU
	EndGlobalSection
	GlobalSection(ProjectConfigurationPlatforms) = postSolution
		{042A7119-A099-4540-A82B-F9E6091F1B8B}.Debug|Any CPU.ActiveCfg = Debug|Any CPU
		{042A7119-A099-4540-A82B-F9E6091F1B8B}.Debug|Any CPU.Build.0 = Debug|Any CPU
		{042A7119-A099-4540-A82B-F9E6091F1B8B}.Release|Any CPU.ActiveCfg = Release|Any CPU
		{042A7119-A099-4540-A82B-F9E6091F1B8B}.Release|Any CPU.Build.0 = Release|Any CPU
		{6E6F1179-ED1A-4527-8675-B03DFDCBD402}.Debug|Any CPU.ActiveCfg = Debug|Any CPU
		{6E6F1179-ED1A-4527-8675-B03DFDCBD402}.Debug|Any CPU.Build.0 = Debug|Any CPU
		{6E6F1179-ED1A-4527-8675-B03DFDCBD402}.Release|Any CPU.ActiveCfg = Release|Any CPU
		{6E6F1179-ED1A-4527-8675-B03DFDCBD402}.Release|Any CPU.Build.0 = Release|Any CPU
		{1C4100A8-40EB-4296-8FAB-CC770F03B685}.Debug|Any CPU.ActiveCfg = Debug|Any CPU
		{1C4100A8-40EB-4296-8FAB-CC770F03B685}.Debug|Any CPU.Build.0 = Debug|Any CPU
		{1C4100A8-40EB-4296-8FAB-CC770F03B685}.Release|Any CPU.ActiveCfg = Release|Any CPU
		{1C4100A8-40EB-4296-8FAB-CC770F03B685}.Release|Any CPU.Build.0 = Release|Any CPU
		{09AF77BE-ED78-4BFD-A6F4-A2B612B951B6}.Debug|Any CPU.ActiveCfg = Debug|Any CPU
		{09AF77BE-ED78-4BFD-A6F4-A2B612B951B6}.Debug|Any CPU.Build.0 = Debug|Any CPU
		{09AF77BE-ED78-4BFD-A6F4-A2B612B951B6}.Release|Any CPU.ActiveCfg = Release|Any CPU
		{09AF77BE-ED78-4BFD-A6F4-A2B612B951B6}.Release|Any CPU.Build.0 = Release|Any CPU
	EndGlobalSection
	GlobalSection(SolutionProperties) = preSolution
		HideSolutionNode = FALSE
	EndGlobalSection
	GlobalSection(ExtensibilityGlobals) = postSolution
		SolutionGuid = {FC47DCED-9064-42C6-8623-85C455B7A83F}
	EndGlobalSection
EndGlobal
